
Microsoft Visual Studio Solution File, Format Version 12.00
# Visual Studio Version 17
VisualStudioVersion = 17.6.33723.286
MinimumVisualStudioVersion = 10.0.40219.1
Project("{FAE04EC0-301F-11D3-BF4B-00C04F79EFBC}") = "Validar_CPF_CNPJ", "Validar_CPF_CNPJ\Validar_CPF_CNPJ.csproj", "{A4A7F58C-45FE-41F5-80F1-976F708725AC}"
EndProject
Global
	GlobalSection(SolutionConfigurationPlatforms) = preSolution
		Debug|Any CPU = Debug|Any CPU
		Release|Any CPU = Release|Any CPU
	EndGlobalSection
	GlobalSection(ProjectConfigurationPlatforms) = postSolution
		{A4A7F58C-45FE-41F5-80F1-976F708725AC}.Debug|Any CPU.ActiveCfg = Debug|Any CPU
		{A4A7F58C-45FE-41F5-80F1-976F708725AC}.Debug|Any CPU.Build.0 = Debug|Any CPU
		{A4A7F58C-45FE-41F5-80F1-976F708725AC}.Release|Any CPU.ActiveCfg = Release|Any CPU
		{A4A7F58C-45FE-41F5-80F1-976F708725AC}.Release|Any CPU.Build.0 = Release|Any CPU
	EndGlobalSection
	GlobalSection(SolutionProperties) = preSolution
		HideSolutionNode = FALSE
	EndGlobalSection
	GlobalSection(ExtensibilityGlobals) = postSolution
		SolutionGuid = {405C525E-FD23-4273-84F1-A7C0CB75C3E5}
	EndGlobalSection
EndGlobal
